
Microsoft Visual Studio Solution File, Format Version 12.00
# Visual Studio Version 16
VisualStudioVersion = 16.0.32228.343
MinimumVisualStudioVersion = 10.0.40219.1
Project("{9A19103F-16F7-4668-BE54-9A1E7A4F7556}") = "ConsoleProgramming", "ConsoleProgramming\ConsoleProgramming.csproj", "{60A7A4D7-CB12-48BD-9696-EAC8BAE1F4CF}"
EndProject
Project("{9A19103F-16F7-4668-BE54-9A1E7A4F7556}") = "TypesAndVariables", "TypesAndVariables\TypesAndVariables.csproj", "{134BEC53-B07A-4581-B4C6-78CFC3150CE4}"
EndProject
Project("{9A19103F-16F7-4668-BE54-9A1E7A4F7556}") = "Operators", "Operators\Operators.csproj", "{66EC7F82-71CF-4CF6-9676-0C00A625324F}"
EndProject
Project("{9A19103F-16F7-4668-BE54-9A1E7A4F7556}") = "TypeConversions", "TypeConversions\TypeConversions.csproj", "{F90768FE-01E6-4BF5-BB78-376C4FECB0E6}"
EndProject
Project("{9A19103F-16F7-4668-BE54-9A1E7A4F7556}") = "ExceptionHandling", "ExceptionHandling\ExceptionHandling.csproj", "{61B0479F-E772-4F3A-B1CE-7B7DC5664EFD}"
EndProject
Project("{9A19103F-16F7-4668-BE54-9A1E7A4F7556}") = "ConditionBlocks", "ConditionBlocks\ConditionBlocks.csproj", "{A8279283-9DA7-4895-B5CD-5340FFFF2989}"
EndProject
Project("{FAE04EC0-301F-11D3-BF4B-00C04F79EFBC}") = "SwitchCase", "SwitchCase\SwitchCase.csproj", "{42A017CF-42B5-4E97-B604-27503D66477D}"
EndProject
Global
	GlobalSection(SolutionConfigurationPlatforms) = preSolution
		Debug|Any CPU = Debug|Any CPU
		Release|Any CPU = Release|Any CPU
	EndGlobalSection
	GlobalSection(ProjectConfigurationPlatforms) = postSolution
		{60A7A4D7-CB12-48BD-9696-EAC8BAE1F4CF}.Debug|Any CPU.ActiveCfg = Debug|Any CPU
		{60A7A4D7-CB12-48BD-9696-EAC8BAE1F4CF}.Debug|Any CPU.Build.0 = Debug|Any CPU
		{60A7A4D7-CB12-48BD-9696-EAC8BAE1F4CF}.Release|Any CPU.ActiveCfg = Release|Any CPU
		{60A7A4D7-CB12-48BD-9696-EAC8BAE1F4CF}.Release|Any CPU.Build.0 = Release|Any CPU
		{134BEC53-B07A-4581-B4C6-78CFC3150CE4}.Debug|Any CPU.ActiveCfg = Debug|Any CPU
		{134BEC53-B07A-4581-B4C6-78CFC3150CE4}.Debug|Any CPU.Build.0 = Debug|Any CPU
		{134BEC53-B07A-4581-B4C6-78CFC3150CE4}.Release|Any CPU.ActiveCfg = Release|Any CPU
		{134BEC53-B07A-4581-B4C6-78CFC3150CE4}.Release|Any CPU.Build.0 = Release|Any CPU
		{66EC7F82-71CF-4CF6-9676-0C00A625324F}.Debug|Any CPU.ActiveCfg = Debug|Any CPU
		{66EC7F82-71CF-4CF6-9676-0C00A625324F}.Debug|Any CPU.Build.0 = Debug|Any CPU
		{66EC7F82-71CF-4CF6-9676-0C00A625324F}.Release|Any CPU.ActiveCfg = Release|Any CPU
		{66EC7F82-71CF-4CF6-9676-0C00A625324F}.Release|Any CPU.Build.0 = Release|Any CPU
		{F90768FE-01E6-4BF5-BB78-376C4FECB0E6}.Debug|Any CPU.ActiveCfg = Debug|Any CPU
		{F90768FE-01E6-4BF5-BB78-376C4FECB0E6}.Debug|Any CPU.Build.0 = Debug|Any CPU
		{F90768FE-01E6-4BF5-BB78-376C4FECB0E6}.Release|Any CPU.ActiveCfg = Release|Any CPU
		{F90768FE-01E6-4BF5-BB78-376C4FECB0E6}.Release|Any CPU.Build.0 = Release|Any CPU
		{61B0479F-E772-4F3A-B1CE-7B7DC5664EFD}.Debug|Any CPU.ActiveCfg = Debug|Any CPU
		{61B0479F-E772-4F3A-B1CE-7B7DC5664EFD}.Debug|Any CPU.Build.0 = Debug|Any CPU
		{61B0479F-E772-4F3A-B1CE-7B7DC5664EFD}.Release|Any CPU.ActiveCfg = Release|Any CPU
		{61B0479F-E772-4F3A-B1CE-7B7DC5664EFD}.Release|Any CPU.Build.0 = Release|Any CPU
		{A8279283-9DA7-4895-B5CD-5340FFFF2989}.Debug|Any CPU.ActiveCfg = Debug|Any CPU
		{A8279283-9DA7-4895-B5CD-5340FFFF2989}.Debug|Any CPU.Build.0 = Debug|Any CPU
		{A8279283-9DA7-4895-B5CD-5340FFFF2989}.Release|Any CPU.ActiveCfg = Release|Any CPU
		{A8279283-9DA7-4895-B5CD-5340FFFF2989}.Release|Any CPU.Build.0 = Release|Any CPU
		{42A017CF-42B5-4E97-B604-27503D66477D}.Debug|Any CPU.ActiveCfg = Debug|Any CPU
		{42A017CF-42B5-4E97-B604-27503D66477D}.Debug|Any CPU.Build.0 = Debug|Any CPU
		{42A017CF-42B5-4E97-B604-27503D66477D}.Release|Any CPU.ActiveCfg = Release|Any CPU
		{42A017CF-42B5-4E97-B604-27503D66477D}.Release|Any CPU.Build.0 = Release|Any CPU
	EndGlobalSection
	GlobalSection(SolutionProperties) = preSolution
		HideSolutionNode = FALSE
	EndGlobalSection
	GlobalSection(ExtensibilityGlobals) = postSolution
		SolutionGuid = {084505BC-1693-434C-AED2-87EE68993DD3}
	EndGlobalSection
EndGlobal
