
Microsoft Visual Studio Solution File, Format Version 12.00
# Visual Studio Version 17
VisualStudioVersion = 17.6.33626.354
MinimumVisualStudioVersion = 10.0.40219.1
Project("{FAE04EC0-301F-11D3-BF4B-00C04F79EFBC}") = "VariablesAndDataTypes", "VariablesAndDataTypes\VariablesAndDataTypes.csproj", "{E8A58DF5-61B4-4A0D-A76D-64950639F864}"
EndProject
Project("{FAE04EC0-301F-11D3-BF4B-00C04F79EFBC}") = "Operators", "Operators\Operators.csproj", "{C9D1460C-1725-4B35-8DA7-8B8384F19DCF}"
EndProject
Project("{FAE04EC0-301F-11D3-BF4B-00C04F79EFBC}") = "TypeConversations", "TypeConversations\TypeConversations.csproj", "{4FFAE10B-CD35-4C70-8029-AF3FA2168563}"
EndProject
Project("{FAE04EC0-301F-11D3-BF4B-00C04F79EFBC}") = "ExceptionHandling", "ExceptionHandling\ExceptionHandling.csproj", "{B1839463-D8AD-44A5-9E22-6F6BD16D7061}"
EndProject
Project("{FAE04EC0-301F-11D3-BF4B-00C04F79EFBC}") = "ConditionBlocks", "ConditionBlocks\ConditionBlocks.csproj", "{88626CE2-F62D-42DE-A913-8E36147BA885}"
EndProject
Project("{FAE04EC0-301F-11D3-BF4B-00C04F79EFBC}") = "SwitchCase", "SwitchCase\SwitchCase.csproj", "{BB9A5C90-BE55-4A01-B909-447559BE6B37}"
EndProject
Project("{FAE04EC0-301F-11D3-BF4B-00C04F79EFBC}") = "Loops", "Loops\Loops.csproj", "{2D48D8AB-3EC4-47DB-A799-42D87EC6653D}"
EndProject
Project("{FAE04EC0-301F-11D3-BF4B-00C04F79EFBC}") = "WhileForeach", "WhileForeach\WhileForeach.csproj", "{FE21344D-A35C-41C5-AE41-3EB082591EAC}"
EndProject
Global
	GlobalSection(SolutionConfigurationPlatforms) = preSolution
		Debug|Any CPU = Debug|Any CPU
		Release|Any CPU = Release|Any CPU
	EndGlobalSection
	GlobalSection(ProjectConfigurationPlatforms) = postSolution
		{E8A58DF5-61B4-4A0D-A76D-64950639F864}.Debug|Any CPU.ActiveCfg = Debug|Any CPU
		{E8A58DF5-61B4-4A0D-A76D-64950639F864}.Debug|Any CPU.Build.0 = Debug|Any CPU
		{E8A58DF5-61B4-4A0D-A76D-64950639F864}.Release|Any CPU.ActiveCfg = Release|Any CPU
		{E8A58DF5-61B4-4A0D-A76D-64950639F864}.Release|Any CPU.Build.0 = Release|Any CPU
		{C9D1460C-1725-4B35-8DA7-8B8384F19DCF}.Debug|Any CPU.ActiveCfg = Debug|Any CPU
		{C9D1460C-1725-4B35-8DA7-8B8384F19DCF}.Debug|Any CPU.Build.0 = Debug|Any CPU
		{C9D1460C-1725-4B35-8DA7-8B8384F19DCF}.Release|Any CPU.ActiveCfg = Release|Any CPU
		{C9D1460C-1725-4B35-8DA7-8B8384F19DCF}.Release|Any CPU.Build.0 = Release|Any CPU
		{4FFAE10B-CD35-4C70-8029-AF3FA2168563}.Debug|Any CPU.ActiveCfg = Debug|Any CPU
		{4FFAE10B-CD35-4C70-8029-AF3FA2168563}.Debug|Any CPU.Build.0 = Debug|Any CPU
		{4FFAE10B-CD35-4C70-8029-AF3FA2168563}.Release|Any CPU.ActiveCfg = Release|Any CPU
		{4FFAE10B-CD35-4C70-8029-AF3FA2168563}.Release|Any CPU.Build.0 = Release|Any CPU
		{B1839463-D8AD-44A5-9E22-6F6BD16D7061}.Debug|Any CPU.ActiveCfg = Debug|Any CPU
		{B1839463-D8AD-44A5-9E22-6F6BD16D7061}.Debug|Any CPU.Build.0 = Debug|Any CPU
		{B1839463-D8AD-44A5-9E22-6F6BD16D7061}.Release|Any CPU.ActiveCfg = Release|Any CPU
		{B1839463-D8AD-44A5-9E22-6F6BD16D7061}.Release|Any CPU.Build.0 = Release|Any CPU
		{88626CE2-F62D-42DE-A913-8E36147BA885}.Debug|Any CPU.ActiveCfg = Debug|Any CPU
		{88626CE2-F62D-42DE-A913-8E36147BA885}.Debug|Any CPU.Build.0 = Debug|Any CPU
		{88626CE2-F62D-42DE-A913-8E36147BA885}.Release|Any CPU.ActiveCfg = Release|Any CPU
		{88626CE2-F62D-42DE-A913-8E36147BA885}.Release|Any CPU.Build.0 = Release|Any CPU
		{BB9A5C90-BE55-4A01-B909-447559BE6B37}.Debug|Any CPU.ActiveCfg = Debug|Any CPU
		{BB9A5C90-BE55-4A01-B909-447559BE6B37}.Debug|Any CPU.Build.0 = Debug|Any CPU
		{BB9A5C90-BE55-4A01-B909-447559BE6B37}.Release|Any CPU.ActiveCfg = Release|Any CPU
		{BB9A5C90-BE55-4A01-B909-447559BE6B37}.Release|Any CPU.Build.0 = Release|Any CPU
		{2D48D8AB-3EC4-47DB-A799-42D87EC6653D}.Debug|Any CPU.ActiveCfg = Debug|Any CPU
		{2D48D8AB-3EC4-47DB-A799-42D87EC6653D}.Debug|Any CPU.Build.0 = Debug|Any CPU
		{2D48D8AB-3EC4-47DB-A799-42D87EC6653D}.Release|Any CPU.ActiveCfg = Release|Any CPU
		{2D48D8AB-3EC4-47DB-A799-42D87EC6653D}.Release|Any CPU.Build.0 = Release|Any CPU
		{FE21344D-A35C-41C5-AE41-3EB082591EAC}.Debug|Any CPU.ActiveCfg = Debug|Any CPU
		{FE21344D-A35C-41C5-AE41-3EB082591EAC}.Debug|Any CPU.Build.0 = Debug|Any CPU
		{FE21344D-A35C-41C5-AE41-3EB082591EAC}.Release|Any CPU.ActiveCfg = Release|Any CPU
		{FE21344D-A35C-41C5-AE41-3EB082591EAC}.Release|Any CPU.Build.0 = Release|Any CPU
	EndGlobalSection
	GlobalSection(SolutionProperties) = preSolution
		HideSolutionNode = FALSE
	EndGlobalSection
	GlobalSection(ExtensibilityGlobals) = postSolution
		SolutionGuid = {A3829D30-09D0-4B89-AA49-CEB16D2B8BCE}
	EndGlobalSection
EndGlobal
